
Microsoft Visual Studio Solution File, Format Version 11.00
# Visual Studio 2010
Project("{FAE04EC0-301F-11D3-BF4B-00C04F79EFBC}") = "MVVMSample", "MVVMSample\MVVMSample.csproj", "{C22D25D1-A01D-4371-B062-0D4ACFC48B4A}"
EndProject
Project("{FAE04EC0-301F-11D3-BF4B-00C04F79EFBC}") = "MVVMSample.Infrastructure", "MVVMSample.Infrastructure\MVVMSample.Infrastructure.csproj", "{4F3DBB2B-CB04-40B8-8F9F-00A5DE224D3C}"
EndProject
Project("{FAE04EC0-301F-11D3-BF4B-00C04F79EFBC}") = "MVVMSample.Model", "MVVMSample.Model\MVVMSample.Model.csproj", "{14FA463A-98C6-475E-B05A-BDBFABAA28B7}"
EndProject
Global
	GlobalSection(SolutionConfigurationPlatforms) = preSolution
		Debug|Any CPU = Debug|Any CPU
		Debug|Mixed Platforms = Debug|Mixed Platforms
		Debug|x86 = Debug|x86
		Release|Any CPU = Release|Any CPU
		Release|Mixed Platforms = Release|Mixed Platforms
		Release|x86 = Release|x86
	EndGlobalSection
	GlobalSection(ProjectConfigurationPlatforms) = postSolution
		{C22D25D1-A01D-4371-B062-0D4ACFC48B4A}.Debug|Any CPU.ActiveCfg = Debug|x86
		{C22D25D1-A01D-4371-B062-0D4ACFC48B4A}.Debug|Mixed Platforms.ActiveCfg = Debug|x86
		{C22D25D1-A01D-4371-B062-0D4ACFC48B4A}.Debug|Mixed Platforms.Build.0 = Debug|x86
		{C22D25D1-A01D-4371-B062-0D4ACFC48B4A}.Debug|x86.ActiveCfg = Debug|x86
		{C22D25D1-A01D-4371-B062-0D4ACFC48B4A}.Debug|x86.Build.0 = Debug|x86
		{C22D25D1-A01D-4371-B062-0D4ACFC48B4A}.Release|Any CPU.ActiveCfg = Release|x86
		{C22D25D1-A01D-4371-B062-0D4ACFC48B4A}.Release|Mixed Platforms.ActiveCfg = Release|x86
		{C22D25D1-A01D-4371-B062-0D4ACFC48B4A}.Release|Mixed Platforms.Build.0 = Release|x86
		{C22D25D1-A01D-4371-B062-0D4ACFC48B4A}.Release|x86.ActiveCfg = Release|x86
		{C22D25D1-A01D-4371-B062-0D4ACFC48B4A}.Release|x86.Build.0 = Release|x86
		{4F3DBB2B-CB04-40B8-8F9F-00A5DE224D3C}.Debug|Any CPU.ActiveCfg = Debug|Any CPU
		{4F3DBB2B-CB04-40B8-8F9F-00A5DE224D3C}.Debug|Any CPU.Build.0 = Debug|Any CPU
		{4F3DBB2B-CB04-40B8-8F9F-00A5DE224D3C}.Debug|Mixed Platforms.ActiveCfg = Debug|Any CPU
		{4F3DBB2B-CB04-40B8-8F9F-00A5DE224D3C}.Debug|Mixed Platforms.Build.0 = Debug|Any CPU
		{4F3DBB2B-CB04-40B8-8F9F-00A5DE224D3C}.Debug|x86.ActiveCfg = Debug|Any CPU
		{4F3DBB2B-CB04-40B8-8F9F-00A5DE224D3C}.Release|Any CPU.ActiveCfg = Release|Any CPU
		{4F3DBB2B-CB04-40B8-8F9F-00A5DE224D3C}.Release|Any CPU.Build.0 = Release|Any CPU
		{4F3DBB2B-CB04-40B8-8F9F-00A5DE224D3C}.Release|Mixed Platforms.ActiveCfg = Release|Any CPU
		{4F3DBB2B-CB04-40B8-8F9F-00A5DE224D3C}.Release|Mixed Platforms.Build.0 = Release|Any CPU
		{4F3DBB2B-CB04-40B8-8F9F-00A5DE224D3C}.Release|x86.ActiveCfg = Release|Any CPU
		{14FA463A-98C6-475E-B05A-BDBFABAA28B7}.Debug|Any CPU.ActiveCfg = Debug|Any CPU
		{14FA463A-98C6-475E-B05A-BDBFABAA28B7}.Debug|Any CPU.Build.0 = Debug|Any CPU
		{14FA463A-98C6-475E-B05A-BDBFABAA28B7}.Debug|Mixed Platforms.ActiveCfg = Debug|Any CPU
		{14FA463A-98C6-475E-B05A-BDBFABAA28B7}.Debug|Mixed Platforms.Build.0 = Debug|Any CPU
		{14FA463A-98C6-475E-B05A-BDBFABAA28B7}.Debug|x86.ActiveCfg = Debug|Any CPU
		{14FA463A-98C6-475E-B05A-BDBFABAA28B7}.Release|Any CPU.ActiveCfg = Release|Any CPU
		{14FA463A-98C6-475E-B05A-BDBFABAA28B7}.Release|Any CPU.Build.0 = Release|Any CPU
		{14FA463A-98C6-475E-B05A-BDBFABAA28B7}.Release|Mixed Platforms.ActiveCfg = Release|Any CPU
		{14FA463A-98C6-475E-B05A-BDBFABAA28B7}.Release|Mixed Platforms.Build.0 = Release|Any CPU
		{14FA463A-98C6-475E-B05A-BDBFABAA28B7}.Release|x86.ActiveCfg = Release|Any CPU
	EndGlobalSection
	GlobalSection(SolutionProperties) = preSolution
		HideSolutionNode = FALSE
	EndGlobalSection
EndGlobal
